{
  "version": 4,
  "terraform_version": "1.3.5",
  "serial": 5,
  "lineage": "06ad9a2f-1eaa-b1fb-33e6-176b3a99ceea",
  "outputs": {
    "lb_ip": {
      "value": "34.135.106.169",
      "type": "string"
    }
  },
  "resources": [
    {
      "mode": "data",
      "type": "google_client_config",
      "name": "default",
      "provider": "provider[\"registry.terraform.io/hashicorp/google\"]",
      "instances": [
        {
          "schema_version": 0,
          "attributes": {
            "access_token": "ya29.a0AeTM1ic4YXa5DZ2b0MEeLqDw3cWQdjtMUTyEdyVXiNNA0sGQeugm6aBn_YqA-F_s4WcMcvv-An9pvaI6tIQMnBoPJ5K6gV7dQJGqoSYV0QWYCDkptlenGLCWosEbDO_654uJca20itko7cKDi8scLbes4AjFOQaCgYKAXwSARMSFQHWtWOmgX2Z4l1whRDRGbVIluN2gw0165",
            "id": "projects/majestic-lead-370114/regions/us-central1/zones/",
            "project": "majestic-lead-370114",
            "region": "us-central1",
            "zone": ""
          },
          "sensitive_attributes": []
        }
      ]
    },
    {
      "mode": "data",
      "type": "google_container_cluster",
      "name": "my_cluster",
      "provider": "provider[\"registry.terraform.io/hashicorp/google\"]",
      "instances": [
        {
          "schema_version": 0,
          "attributes": {
            "addons_config": [
              {
                "cloudrun_config": [],
                "horizontal_pod_autoscaling": [],
                "http_load_balancing": [],
                "network_policy_config": [
                  {
                    "disabled": true
                  }
                ]
              }
            ],
            "authenticator_groups_config": [],
            "cluster_autoscaling": [
              {
                "auto_provisioning_defaults": [],
                "enabled": false,
                "resource_limits": []
              }
            ],
            "cluster_ipv4_cidr": "10.84.0.0/14",
            "database_encryption": [
              {
                "key_name": "",
                "state": "DECRYPTED"
              }
            ],
            "default_max_pods_per_node": null,
            "description": "",
            "enable_binary_authorization": false,
            "enable_intranode_visibility": null,
            "enable_kubernetes_alpha": false,
            "enable_legacy_abac": false,
            "enable_shielded_nodes": true,
            "enable_tpu": null,
            "endpoint": "34.173.66.162",
            "id": "projects/majestic-lead-370114/locations/us-central1/clusters/majestic-lead-370114-gke",
            "initial_node_count": 1,
            "instance_group_urls": [
              "https://www.googleapis.com/compute/v1/projects/majestic-lead-370114/zones/us-central1-b/instanceGroups/gke-majestic-lead-37-majestic-lead-37-4fbc6834-grp",
              "https://www.googleapis.com/compute/v1/projects/majestic-lead-370114/zones/us-central1-c/instanceGroups/gke-majestic-lead-37-majestic-lead-37-35e215eb-grp",
              "https://www.googleapis.com/compute/v1/projects/majestic-lead-370114/zones/us-central1-a/instanceGroups/gke-majestic-lead-37-majestic-lead-37-561e0563-grp"
            ],
            "ip_allocation_policy": [],
            "label_fingerprint": "a9dc16a7",
            "location": "us-central1",
            "logging_service": "logging.googleapis.com/kubernetes",
            "maintenance_policy": [],
            "master_auth": [
              {
                "client_certificate": "",
                "client_certificate_config": [
                  {
                    "issue_client_certificate": false
                  }
                ],
                "client_key": "",
                "cluster_ca_certificate": "LS0tLS1CRUdJTiBDRVJUSUZJQ0FURS0tLS0tCk1JSUVMVENDQXBXZ0F3SUJBZ0lSQUkzRGVSOWpKVkc1SkxPY2dqcjdwU1F3RFFZSktvWklodmNOQVFFTEJRQXcKTHpFdE1Dc0dBMVVFQXhNa056WXdOakV3TldJdE1qYzFOQzAwWkdRMUxXSXhZek10TlRObU5HWmtOVGN4TjJSaQpNQ0FYRFRJeU1URXpNREV5TVRnMU5sb1lEekl3TlRJeE1USXlNVE14T0RVMldqQXZNUzB3S3dZRFZRUURFeVEzCk5qQTJNVEExWWkweU56VTBMVFJrWkRVdFlqRmpNeTAxTTJZMFptUTFOekUzWkdJd2dnR2lNQTBHQ1NxR1NJYjMKRFFFQkFRVUFBNElCandBd2dnR0tBb0lCZ1FEa0ZZYWtqd0QwUUJBSDJMS09wdlg4SjhnMlQzNmZhRnErMllTOQpVYW5YMjRjMnR2UEhXaU5VSUxwcUJKN1dWQ2tWa0ZCWFR0ejdzQXJRUDlGd2tvcndRbUdOTFZvV0xQTU9Cb3d0CmZHQ0xJY3NYV0s3ZSsyTm9Bak00dExOUmdVZ2ZzNjYwZmpGemdPZFI1TDFKcjZTVTFvU2VCWnErWkxwSjVyYjcKWUdZYXNTL25yRzF4Yk9jWCtJc3hFS0ZpbmRlU1VIdlJSMitLNkR2Slh6aUtqZGtOVHF2TFBxMnJwOTc1VUtPcApoa0dkb3ZteEhsd0NHR2hQQVRjdDZBTVh1TTlsVWtQUTJSUkV2SDNIamVPd3B1OHM3eG1xN1hLd0tOUUoyYXgzClpEakQva0hpZEIxTC9kRlpwK0xvbVVueTZ6endNYmYyUmJsN1djNVZrbTI3RXJ1aDIyV2FhdmxINTFibWtZMmIKM2Q3cVlkQVl2TlpOekp6TmRXSnhJU0o0SE1XMmorWldIZmVoVHIyMmp6bTFhMkpCRTB6czVOZzlUVnhnc3NoKwozOVNEcUw5N2l1MDdCOVAzN3NoQUpxVHVhYmlUblVvandFenZvSjdYeTJSZk9zZ3VsVWY4ZkdvUWhmbWpWcElmCm9wckh2Q3ZVdWltTFhreTM3NlFyRzBZNzZuTUNBd0VBQWFOQ01FQXdEZ1lEVlIwUEFRSC9CQVFEQWdJRU1BOEcKQTFVZEV3RUIvd1FGTUFNQkFmOHdIUVlEVlIwT0JCWUVGTWFJVVhmTU5yVWxROUFST3FlL0o4QmMxVzYvTUEwRwpDU3FHU0liM0RRRUJDd1VBQTRJQmdRRGZZMGIzT243RHd2YmNqdWZwVFpBZmhLNzJIdVB2T29lcUFFLzZCNGRGCngxMkVkZ01zRkMxUUxaeXpMNlFvMUlkcXp0V0RHV2FUbkx2aVY3MzZBaThENFJvRUZHdjFGeXRESHBpWmVvRUUKcGtoeFR5WDdFa3dDTjZjTStvSG9xK0lDWldRVEs1ZVZZVC8zRkh6Yzg1ZkJHZ0RsemRQa2pIOXBGdjZDTzJEaApUNW5KSnp4Q0dyNzBHcE1VVEc0aU9tYkZXQmFKaVcrNkpHcEliRlN5Z2xzSUhRYUtrVHpHT3Q4QTlIdDlMY2l1CkNMRCtvVTN3SksvRDlDMW9EMjNTaDVXZWJZOWtYSnNzQWtITm1WN292ZWEwc1ZFUktjdEkyb3YxQU0zUWt1MmYKalNoN2RLL1NzNHg4U1BJUFVuc2FGcDdUV1dIMFllTXFPRWZIYWVsalVVWXRDWlBjcTR1V2RuaDFaQUU0Y21ZRwp0eVB6WW1XZ0ErMnhmNXJERHhncHEwU2orR2g5NGV4R1dST0pqeGh4a0oyWTk0M1RUZDN2Y1NaL3UvZm1sbXZKCjlKNldvVVZuSmVvQmlMU28wNHc3WG04bERWSEh0KzhrR0Z5ZThYV0cxZWNUUk9LTDFsbHp0S2ZOQ0t4RkM2bFgKUmFmZGcyN1dDei9SdEk0RVI5d1JqUGM9Ci0tLS0tRU5EIENFUlRJRklDQVRFLS0tLS0K",
                "password": "",
                "username": ""
              }
            ],
            "master_authorized_networks_config": [],
            "master_version": "1.23.12-gke.100",
            "min_master_version": null,
            "monitoring_service": "monitoring.googleapis.com/kubernetes",
            "name": "majestic-lead-370114-gke",
            "network": "projects/majestic-lead-370114/global/networks/majestic-lead-370114-vpc",
            "network_policy": [
              {
                "enabled": false,
                "provider": "PROVIDER_UNSPECIFIED"
              }
            ],
            "node_config": [
              {
                "disk_size_gb": 100,
                "disk_type": "pd-standard",
                "guest_accelerator": [],
                "image_type": "COS_CONTAINERD",
                "labels": {
                  "env": "majestic-lead-370114"
                },
                "local_ssd_count": 0,
                "machine_type": "n1-standard-1",
                "metadata": {
                  "disable-legacy-endpoints": "true"
                },
                "min_cpu_platform": "",
                "oauth_scopes": [
                  "https://www.googleapis.com/auth/logging.write",
                  "https://www.googleapis.com/auth/monitoring"
                ],
                "preemptible": false,
                "service_account": "default",
                "shielded_instance_config": [
                  {
                    "enable_integrity_monitoring": true,
                    "enable_secure_boot": false
                  }
                ],
                "tags": [
                  "gke-node",
                  "majestic-lead-370114-gke"
                ],
                "taint": [],
                "workload_metadata_config": []
              }
            ],
            "node_locations": [
              "us-central1-a",
              "us-central1-b",
              "us-central1-c"
            ],
            "node_pool": [
              {
                "autoscaling": [],
                "initial_node_count": 1,
                "instance_group_urls": [
                  "https://www.googleapis.com/compute/v1/projects/majestic-lead-370114/zones/us-central1-b/instanceGroupManagers/gke-majestic-lead-37-majestic-lead-37-4fbc6834-grp",
                  "https://www.googleapis.com/compute/v1/projects/majestic-lead-370114/zones/us-central1-c/instanceGroupManagers/gke-majestic-lead-37-majestic-lead-37-35e215eb-grp",
                  "https://www.googleapis.com/compute/v1/projects/majestic-lead-370114/zones/us-central1-a/instanceGroupManagers/gke-majestic-lead-37-majestic-lead-37-561e0563-grp"
                ],
                "management": [
                  {
                    "auto_repair": true,
                    "auto_upgrade": true
                  }
                ],
                "max_pods_per_node": 0,
                "name": "majestic-lead-370114-gke",
                "name_prefix": "",
                "node_config": [
                  {
                    "disk_size_gb": 100,
                    "disk_type": "pd-standard",
                    "guest_accelerator": [],
                    "image_type": "COS_CONTAINERD",
                    "labels": {
                      "env": "majestic-lead-370114"
                    },
                    "local_ssd_count": 0,
                    "machine_type": "n1-standard-1",
                    "metadata": {
                      "disable-legacy-endpoints": "true"
                    },
                    "min_cpu_platform": "",
                    "oauth_scopes": [
                      "https://www.googleapis.com/auth/logging.write",
                      "https://www.googleapis.com/auth/monitoring"
                    ],
                    "preemptible": false,
                    "service_account": "default",
                    "shielded_instance_config": [
                      {
                        "enable_integrity_monitoring": true,
                        "enable_secure_boot": false
                      }
                    ],
                    "tags": [
                      "gke-node",
                      "majestic-lead-370114-gke"
                    ],
                    "taint": [],
                    "workload_metadata_config": []
                  }
                ],
                "node_count": 1,
                "node_locations": [
                  "us-central1-a",
                  "us-central1-b",
                  "us-central1-c"
                ],
                "upgrade_settings": [
                  {
                    "max_surge": 1,
                    "max_unavailable": 0
                  }
                ],
                "version": "1.23.12-gke.100"
              }
            ],
            "node_version": "1.23.12-gke.100",
            "operation": null,
            "pod_security_policy_config": null,
            "private_cluster_config": [
              {
                "enable_private_endpoint": false,
                "enable_private_nodes": false,
                "master_ipv4_cidr_block": "",
                "peering_name": "",
                "private_endpoint": "10.10.0.2",
                "public_endpoint": "34.173.66.162"
              }
            ],
            "project": "majestic-lead-370114",
            "release_channel": [
              {
                "channel": "REGULAR"
              }
            ],
            "remove_default_node_pool": null,
            "resource_labels": {},
            "resource_usage_export_config": [],
            "self_link": "https://container.googleapis.com/v1beta1/projects/majestic-lead-370114/locations/us-central1/clusters/majestic-lead-370114-gke",
            "services_ipv4_cidr": "10.87.240.0/20",
            "subnetwork": "projects/majestic-lead-370114/regions/us-central1/subnetworks/majestic-lead-370114-subnet",
            "vertical_pod_autoscaling": [],
            "workload_identity_config": []
          },
          "sensitive_attributes": []
        }
      ]
    },
    {
      "mode": "data",
      "type": "terraform_remote_state",
      "name": "gke",
      "provider": "provider[\"terraform.io/builtin/terraform\"]",
      "instances": [
        {
          "schema_version": 0,
          "attributes": {
            "backend": "local",
            "config": {
              "value": {
                "path": "../learn-terraform-provision-gke-cluster/terraform.tfstate"
              },
              "type": [
                "object",
                {
                  "path": "string"
                }
              ]
            },
            "defaults": null,
            "outputs": {
              "value": {
                "kubernetes_cluster_host": "34.173.66.162",
                "kubernetes_cluster_name": "majestic-lead-370114-gke",
                "project_id": "majestic-lead-370114",
                "region": "us-central1"
              },
              "type": [
                "object",
                {
                  "kubernetes_cluster_host": "string",
                  "kubernetes_cluster_name": "string",
                  "project_id": "string",
                  "region": "string"
                }
              ]
            },
            "workspace": null
          },
          "sensitive_attributes": []
        }
      ]
    },
    {
      "mode": "managed",
      "type": "kubernetes_deployment",
      "name": "nginx",
      "provider": "provider[\"registry.terraform.io/hashicorp/kubernetes\"]",
      "instances": [
        {
          "schema_version": 1,
          "attributes": {
            "id": "default/scalable-nginx-example",
            "metadata": [
              {
                "annotations": {},
                "generate_name": "",
                "generation": 2,
                "labels": {
                  "App": "ScalableNginxExample"
                },
                "name": "scalable-nginx-example",
                "namespace": "default",
                "resource_version": "77248",
                "uid": "4b990e8c-8786-412c-9884-a3187904afd0"
              }
            ],
            "spec": [
              {
                "min_ready_seconds": 0,
                "paused": false,
                "progress_deadline_seconds": 600,
                "replicas": "4",
                "revision_history_limit": 10,
                "selector": [
                  {
                    "match_expressions": [],
                    "match_labels": {
                      "App": "ScalableNginxExample"
                    }
                  }
                ],
                "strategy": [
                  {
                    "rolling_update": [
                      {
                        "max_surge": "25%",
                        "max_unavailable": "25%"
                      }
                    ],
                    "type": "RollingUpdate"
                  }
                ],
                "template": [
                  {
                    "metadata": [
                      {
                        "annotations": {},
                        "generate_name": "",
                        "generation": 0,
                        "labels": {
                          "App": "ScalableNginxExample"
                        },
                        "name": "",
                        "namespace": "",
                        "resource_version": "",
                        "uid": ""
                      }
                    ],
                    "spec": [
                      {
                        "active_deadline_seconds": 0,
                        "affinity": [],
                        "automount_service_account_token": true,
                        "container": [
                          {
                            "args": [],
                            "command": [],
                            "env": [],
                            "env_from": [],
                            "image": "nginx:1.7.8",
                            "image_pull_policy": "IfNotPresent",
                            "lifecycle": [],
                            "liveness_probe": [],
                            "name": "example",
                            "port": [
                              {
                                "container_port": 80,
                                "host_ip": "",
                                "host_port": 0,
                                "name": "",
                                "protocol": "TCP"
                              }
                            ],
                            "readiness_probe": [],
                            "resources": [
                              {
                                "limits": {
                                  "cpu": "500m",
                                  "memory": "512Mi"
                                },
                                "requests": {
                                  "cpu": "250m",
                                  "memory": "50Mi"
                                }
                              }
                            ],
                            "security_context": [],
                            "startup_probe": [],
                            "stdin": false,
                            "stdin_once": false,
                            "termination_message_path": "/dev/termination-log",
                            "termination_message_policy": "File",
                            "tty": false,
                            "volume_mount": [],
                            "working_dir": ""
                          }
                        ],
                        "dns_config": [],
                        "dns_policy": "ClusterFirst",
                        "enable_service_links": true,
                        "host_aliases": [],
                        "host_ipc": false,
                        "host_network": false,
                        "host_pid": false,
                        "hostname": "",
                        "image_pull_secrets": [],
                        "init_container": [],
                        "node_name": "",
                        "node_selector": {},
                        "priority_class_name": "",
                        "readiness_gate": [],
                        "restart_policy": "Always",
                        "runtime_class_name": "",
                        "security_context": [],
                        "service_account_name": "",
                        "share_process_namespace": false,
                        "subdomain": "",
                        "termination_grace_period_seconds": 30,
                        "toleration": [],
                        "topology_spread_constraint": [],
                        "volume": []
                      }
                    ]
                  }
                ]
              }
            ],
            "timeouts": null,
            "wait_for_rollout": true
          },
          "sensitive_attributes": [],
          "private": "eyJlMmJmYjczMC1lY2FhLTExZTYtOGY4OC0zNDM2M2JjN2M0YzAiOnsiY3JlYXRlIjo2MDAwMDAwMDAwMDAsImRlbGV0ZSI6NjAwMDAwMDAwMDAwLCJ1cGRhdGUiOjYwMDAwMDAwMDAwMH0sInNjaGVtYV92ZXJzaW9uIjoiMSJ9",
          "dependencies": [
            "data.google_client_config.default",
            "data.google_container_cluster.my_cluster",
            "data.terraform_remote_state.gke"
          ]
        }
      ]
    },
    {
      "mode": "managed",
      "type": "kubernetes_service",
      "name": "nginx",
      "provider": "provider[\"registry.terraform.io/hashicorp/kubernetes\"]",
      "instances": [
        {
          "schema_version": 1,
          "attributes": {
            "id": "default/nginx-example",
            "metadata": [
              {
                "annotations": {},
                "generate_name": "",
                "generation": 0,
                "labels": {},
                "name": "nginx-example",
                "namespace": "default",
                "resource_version": "76288",
                "uid": "8b7b1a3f-1264-472f-b975-3a4ed9dfaeee"
              }
            ],
            "spec": [
              {
                "allocate_load_balancer_node_ports": true,
                "cluster_ip": "10.87.255.117",
                "cluster_ips": [
                  "10.87.255.117"
                ],
                "external_ips": [],
                "external_name": "",
                "external_traffic_policy": "Cluster",
                "health_check_node_port": 0,
                "internal_traffic_policy": "Cluster",
                "ip_families": [
                  "IPv4"
                ],
                "ip_family_policy": "SingleStack",
                "load_balancer_class": "",
                "load_balancer_ip": "",
                "load_balancer_source_ranges": [],
                "port": [
                  {
                    "app_protocol": "",
                    "name": "",
                    "node_port": 32516,
                    "port": 80,
                    "protocol": "TCP",
                    "target_port": "80"
                  }
                ],
                "publish_not_ready_addresses": false,
                "selector": {
                  "App": "ScalableNginxExample"
                },
                "session_affinity": "None",
                "session_affinity_config": [],
                "type": "LoadBalancer"
              }
            ],
            "status": [
              {
                "load_balancer": [
                  {
                    "ingress": [
                      {
                        "hostname": "",
                        "ip": "34.135.106.169"
                      }
                    ]
                  }
                ]
              }
            ],
            "timeouts": null,
            "wait_for_load_balancer": true
          },
          "sensitive_attributes": [],
          "private": "eyJlMmJmYjczMC1lY2FhLTExZTYtOGY4OC0zNDM2M2JjN2M0YzAiOnsiY3JlYXRlIjo2MDAwMDAwMDAwMDB9LCJzY2hlbWFfdmVyc2lvbiI6IjEifQ==",
          "dependencies": [
            "data.google_client_config.default",
            "data.google_container_cluster.my_cluster",
            "data.terraform_remote_state.gke",
            "kubernetes_deployment.nginx"
          ]
        }
      ]
    }
  ],
  "check_results": null
}
